<Solution>
  <Folder Name="/Solution Items/">
    <File Path=".gitignore" />
  </Folder>
  <Folder Name="/src/">
    <Project Path="src/DomainCopilot.API/DomainCopilot.API.csproj" />
    <Project Path="src/DomainCopilot.Application/DomainCopilot.Application.csproj" />
    <Project Path="src/DomainCopilot.Domain/DomainCopilot.Domain.csproj" />
    <Project Path="src/DomainCopilot.Infrastructure/DomainCopilot.Infrastructure.csproj" />
  </Folder>
  <Project Path="tests/DomainCopilot.Domain.Tests/DomainCopilot.Domain.Tests.csproj" />
</Solution>
